{
  "name": "nodejs",
  "version": "1.0.0",
  "lockfileVersion": 3,
  "requires": true,
  "packages": {
    "": {
      "name": "nodejs",
      "version": "1.0.0",
      "license": "ISC",
      "dependencies": {
        "@types/node": "^22.13.11",
        "canvas": "^3.1.2",
        "discord.js": "^14.21.0",
        "dotenv": "^17.2.0",
        "express": "^5.1.0",
        "openai": "^4.104.0"
      }
    }
  },
  "dependencies": {
    "@types/node": {
      "version": "22.13.11",
      "resolved": "https://registry.npmjs.org/@types/node/-/node-22.13.11.tgz",
      "integrity": "sha512-B7FzU9yBdK4CEcbYBpVErMqaM5zqPfX0zwDx2kR78voeplD1Z38ScS+69gzvS+PVj6tG9pm5JgVYVLoDSRPHIQ=="
    },
    "canvas": {
      "version": "3.1.2",
      "resolved": "https://registry.npmjs.org/canvas/-/canvas-3.1.2.tgz",
      "integrity": "sha512-XU3m01n5UKx7KspjRP9a3dTn6e8L0dkqbfepRXTS7rL+dY6N9RRe/VwA2Av4LSfXOMe8e43twNV2vOR2vN70DA=="
    },
    "discord.js": {
      "version": "14.21.0",
      "resolved": "https://registry.npmjs.org/discord.js/-/discord.js-14.21.0.tgz",
      "integrity": "sha512-+ehCEyXEdvSCOA6yMzLPowYjSHYwKnJtGlE69J5EyRxa1eCczIPF4XZ61yzfAvU3D5N4gx6tiOgR8TY1RSWHtw=="
    },
    "dotenv": {
      "version": "17.2.0",
      "resolved": "https://registry.npmjs.org/dotenv/-/dotenv-17.2.0.tgz",
      "integrity": "sha512-m8eM93zhMJtRh+mhED9bG0R/J1TOkS+5X7/AKrA0vwKQWZrCeH+16DhBbblO39S6G91Blp0sT51UynX3ONps4g=="
    },
    "express": {
      "version": "5.1.0",
      "resolved": "https://registry.npmjs.org/express/-/express-5.1.0.tgz",
      "integrity": "sha512-XGB+U1kYytPHK5gWk8S7Kx1Xr34qFRXw09fKtK7dpGUbEViLgXU57TIO7xUnK++yJDgH7Ct0v5FG2zXuxQCHdQ=="
    },
    "openai": {
      "version": "4.104.0",
      "resolved": "https://registry.npmjs.org/openai/-/openai-4.104.0.tgz",
      "integrity": "sha512-xV2XW3rWjD7/Ny+2fdHNhbsrwELFTKpZ+BMcUtnv3vb6PK3SKCSYgiQx9rG9B6gFSotUKFS6HbKvjHPRkGU3yQ=="
    }
  }
}
