{
  "name": "nodejs",
  "version": "1.0.0",
  "lockfileVersion": 2,
  "requires": true,
  "packages": {
    "": {
      "name": "nodejs",
      "version": "1.0.0",
      "license": "ISC",
      "dependencies": {
        "@types/node": "^22.13.11",
        "canvas": "^3.1.2",
        "discord.js": "^14.21.0",
        "dotenv": "^17.2.0",
        "express": "^5.1.0"
      }
    }
  },
  "dependencies": {
    "@types/node": {
      "version": "22.13.11",
      "resolved": "",
      "integrity": ""
    },
    "canvas": {
      "version": "3.1.2",
      "resolved": "",
      "integrity": ""
    },
    "discord.js": {
      "version": "14.21.0",
      "resolved": "",
      "integrity": ""
    },
    "dotenv": {
      "version": "17.2.0",
      "resolved": "",
      "integrity": ""
    },
    "express": {
      "version": "5.1.0",
      "resolved": "",
      "integrity": ""
    }
  }
}
